# THIS IS AN AUTOGENERATED FILE. DO NOT EDIT THIS FILE DIRECTLY.
# yarn lockfile v1


"@aave/core-v3@^1.19.3":
  version "1.19.3"
  resolved "https://registry.yarnpkg.com/@aave/core-v3/-/core-v3-1.19.3.tgz#513e886b37a8d84d9821a4041dceb5f014919669"
  integrity sha512-Xr7+VcoU5b4mPwM4IUCnskw3lciwrnL4Xloyad8GOddYeixnri2lZYobNmErm1LwE50vqjI0O+9QGNKY2TDkeQ==

"@cowprotocol/contracts@^1.6.0":
  version "1.6.0"
  resolved "https://registry.yarnpkg.com/@cowprotocol/contracts/-/contracts-1.6.0.tgz#d0fc83ed8c624b968d1a68bb5c74712c11ec81e0"
  integrity sha512-+UKhYRzkvnqqviBru5D3btTLYc743n0O5YTG+wpYwGl4fb7VNKBkFHe28C5Mf1DF/kOfmqfu+0IAvX9Vuq5Dqw==

"@pythnetwork/pyth-sdk-solidity@^4.0.0":
  version "4.0.0"
  resolved "https://registry.yarnpkg.com/@pythnetwork/pyth-sdk-solidity/-/pyth-sdk-solidity-4.0.0.tgz#166aeef316bf8ec6c21d97e6e9ba0de96c0fd270"
  integrity sha512-Cy2MvSN1Oh5YpIYmZd2In6/gfXbGjnpazmXKioTuq07Drp4Rl2XHcvtqHdgilplCl32IG4pU+XoRafpexID08A==
